// !$*UTF8*$!
{
	archiveVersion = 1;
	classes = {
	};
	objectVersion = 46;
	objects = {

/* Begin PBXBuildFile section */
		23EA9B3C1F4C5F4A00A39A06 /* main.m in Sources */ = {isa = PBXBuildFile; fileRef = 23EA9B3B1F4C5F4A00A39A06 /* main.m */; };
		23EA9B3F1F4C5F4A00A39A06 /* AppDelegate.m in Sources */ = {isa = PBXBuildFile; fileRef = 23EA9B3E1F4C5F4A00A39A06 /* AppDelegate.m */; };
		23EA9B421F4C5F4A00A39A06 /* ViewController.m in Sources */ = {isa = PBXBuildFile; fileRef = 23EA9B411F4C5F4A00A39A06 /* ViewController.m */; };
		23EA9B451F4C5F4A00A39A06 /* Main.storyboard in Resources */ = {isa = PBXBuildFile; fileRef = 23EA9B431F4C5F4A00A39A06 /* Main.storyboard */; };
		23EA9B471F4C5F4A00A39A06 /* Assets.xcassets in Resources */ = {isa = PBXBuildFile; fileRef = 23EA9B461F4C5F4A00A39A06 /* Assets.xcassets */; };
		23EA9B4A1F4C5F4A00A39A06 /* LaunchScreen.storyboard in Resources */ = {isa = PBXBuildFile; fileRef = 23EA9B481F4C5F4A00A39A06 /* LaunchScreen.storyboard */; };
		23EA9B531F4C5F8800A39A06 /* CJSliderView.m in Sources */ = {isa = PBXBuildFile; fileRef = 23EA9B521F4C5F8800A39A06 /* CJSliderView.m */; };
/* End PBXBuildFile section */

/* Begin PBXFileReference section */
		23EA9B371F4C5F4A00A39A06 /* CJSliderView.app */ = {isa = PBXFileReference; explicitFileType = wrapper.application; includeInIndex = 0; path = CJSliderView.app; sourceTree = BUILT_PRODUCTS_DIR; };
		23EA9B3B1F4C5F4A00A39A06 /* main.m */ = {isa = PBXFileReference; lastKnownFileType = sourcecode.c.objc; path = main.m; sourceTree = "<group>"; };
		23EA9B3D1F4C5F4A00A39A06 /* AppDelegate.h */ = {isa = PBXFileReference; lastKnownFileType = sourcecode.c.h; path = AppDelegate.h; sourceTree = "<group>"; };
		23EA9B3E1F4C5F4A00A39A06 /* AppDelegate.m */ = {isa = PBXFileReference; lastKnownFileType = sourcecode.c.objc; path = AppDelegate.m; sourceTree = "<group>"; };
		23EA9B401F4C5F4A00A39A06 /* ViewController.h */ = {isa = PBXFileReference; lastKnownFileType = sourcecode.c.h; path = ViewController.h; sourceTree = "<group>"; };
		23EA9B411F4C5F4A00A39A06 /* ViewController.m */ = {isa = PBXFileReference; lastKnownFileType = sourcecode.c.objc; path = ViewController.m; sourceTree = "<group>"; };
		23EA9B441F4C5F4A00A39A06 /* Base */ = {isa = PBXFileReference; lastKnownFileType = file.storyboard; name = Base; path = Base.lproj/Main.storyboard; sourceTree = "<group>"; };
		23EA9B461F4C5F4A00A39A06 /* Assets.xcassets */ = {isa = PBXFileReference; lastKnownFileType = folder.assetcatalog; path = Assets.xcassets; sourceTree = "<group>"; };
		23EA9B491F4C5F4A00A39A06 /* Base */ = {isa = PBXFileReference; lastKnownFileType = file.storyboard; name = Base; path = Base.lproj/LaunchScreen.storyboard; sourceTree = "<group>"; };
		23EA9B4B1F4C5F4A00A39A06 /* Info.plist */ = {isa = PBXFileReference; lastKnownFileType = text.plist.xml; path = Info.plist; sourceTree = "<group>"; };
		23EA9B511F4C5F8800A39A06 /* CJSliderView.h */ = {isa = PBXFileReference; fileEncoding = 4; lastKnownFileType = sourcecode.c.h; path = CJSliderView.h; sourceTree = "<group>"; };
		23EA9B521F4C5F8800A39A06 /* CJSliderView.m */ = {isa = PBXFileReference; fileEncoding = 4; lastKnownFileType = sourcecode.c.objc; path = CJSliderView.m; sourceTree = "<group>"; };
/* End PBXFileReference section */

/* Begin PBXFrameworksBuildPhase section */
		23EA9B341F4C5F4A00A39A06 /* Frameworks */ = {
			isa = PBXFrameworksBuildPhase;
			buildActionMask = 2147483647;
			files = (
			);
			runOnlyForDeploymentPostprocessing = 0;
		};
/* End PBXFrameworksBuildPhase section */

/* Begin PBXGroup section */
		23EA9B2E1F4C5F4A00A39A06 = {
			isa = PBXGroup;
			children = (
				23EA9B391F4C5F4A00A39A06 /* CJSliderView */,
				23EA9B381F4C5F4A00A39A06 /* Products */,
			);
			sourceTree = "<group>";
		};
		23EA9B381F4C5F4A00A39A06 /* Products */ = {
			isa = PBXGroup;
			children = (
				23EA9B371F4C5F4A00A39A06 /* CJSliderView.app */,
			);
			name = Products;
			sourceTree = "<group>";
		};
		23EA9B391F4C5F4A00A39A06 /* CJSliderView */ = {
			isa = PBXGroup;
			children = (
				23EA9B3D1F4C5F4A00A39A06 /* AppDelegate.h */,
				23EA9B3E1F4C5F4A00A39A06 /* AppDelegate.m */,
				23EA9B401F4C5F4A00A39A06 /* ViewController.h */,
				23EA9B411F4C5F4A00A39A06 /* ViewController.m */,
				23EA9B511F4C5F8800A39A06 /* CJSliderView.h */,
				23EA9B521F4C5F8800A39A06 /* CJSliderView.m */,
				23EA9B431F4C5F4A00A39A06 /* Main.storyboard */,
				23EA9B461F4C5F4A00A39A06 /* Assets.xcassets */,
				23EA9B481F4C5F4A00A39A06 /* LaunchScreen.storyboard */,
				23EA9B4B1F4C5F4A00A39A06 /* Info.plist */,
				23EA9B3A1F4C5F4A00A39A06 /* Supporting Files */,
			);
			path = CJSliderView;
			sourceTree = "<group>";
		};
		23EA9B3A1F4C5F4A00A39A06 /* Supporting Files */ = {
			isa = PBXGroup;
			children = (
				23EA9B3B1F4C5F4A00A39A06 /* main.m */,
			);
			name = "Supporting Files";
			sourceTree = "<group>";
		};
/* End PBXGroup section */

/* Begin PBXNativeTarget section */
		23EA9B361F4C5F4A00A39A06 /* CJSliderView */ = {
			isa = PBXNativeTarget;
			buildConfigurationList = 23EA9B4E1F4C5F4A00A39A06 /* Build configuration list for PBXNativeTarget "CJSliderView" */;
			buildPhases = (
				23EA9B331F4C5F4A00A39A06 /* Sources */,
				23EA9B341F4C5F4A00A39A06 /* Frameworks */,
				23EA9B351F4C5F4A00A39A06 /* Resources */,
			);
			buildRules = (
			);
			dependencies = (
			);
			name = CJSliderView;
			productName = CJSliderView;
			productReference = 23EA9B371F4C5F4A00A39A06 /* CJSliderView.app */;
			productType = "com.apple.product-type.application";
		};
/* End PBXNativeTarget section */

/* Begin PBXProject section */
		23EA9B2F1F4C5F4A00A39A06 /* Project object */ = {
			isa = PBXProject;
			attributes = {
				LastUpgradeCheck = 0830;
				ORGANIZATIONNAME = CJ;
				TargetAttributes = {
					23EA9B361F4C5F4A00A39A06 = {
						CreatedOnToolsVersion = 8.3.3;
						DevelopmentTeam = A42U927466;
						ProvisioningStyle = Automatic;
					};
				};
			};
			buildConfigurationList = 23EA9B321F4C5F4A00A39A06 /* Build configuration list for PBXProject "CJSliderView" */;
			compatibilityVersion = "Xcode 3.2";
			developmentRegion = English;
			hasScannedForEncodings = 0;
			knownRegions = (
				en,
				Base,
			);
			mainGroup = 23EA9B2E1F4C5F4A00A39A06;
			productRefGroup = 23EA9B381F4C5F4A00A39A06 /* Products */;
			projectDirPath = "";
			projectRoot = "";
			targets = (
				23EA9B361F4C5F4A00A39A06 /* CJSliderView */,
			);
		};
/* End PBXProject section */

/* Begin PBXResourcesBuildPhase section */
		23EA9B351F4C5F4A00A39A06 /* Resources */ = {
			isa = PBXResourcesBuildPhase;
			buildActionMask = 2147483647;
			files = (
				23EA9B4A1F4C5F4A00A39A06 /* LaunchScreen.storyboard in Resources */,
				23EA9B471F4C5F4A00A39A06 /* Assets.xcassets in Resources */,
				23EA9B451F4C5F4A00A39A06 /* Main.storyboard in Resources */,
			);
			runOnlyForDeploymentPostprocessing = 0;
		};
/* End PBXResourcesBuildPhase section */

/* Begin PBXSourcesBuildPhase section */
		23EA9B331F4C5F4A00A39A06 /* Sources */ = {
			isa = PBXSourcesBuildPhase;
			buildActionMask = 2147483647;
			files = (
				23EA9B531F4C5F8800A39A06 /* CJSliderView.m in Sources */,
				23EA9B421F4C5F4A00A39A06 /* ViewController.m in Sources */,
				23EA9B3F1F4C5F4A00A39A06 /* AppDelegate.m in Sources */,
				23EA9B3C1F4C5F4A00A39A06 /* main.m in Sources */,
			);
			runOnlyForDeploymentPostprocessing = 0;
		};
/* End PBXSourcesBuildPhase section */

/* Begin PBXVariantGroup section */
		23EA9B431F4C5F4A00A39A06 /* Main.storyboard */ = {
			isa = PBXVariantGroup;
			children = (
				23EA9B441F4C5F4A00A39A06 /* Base */,
			);
			name = Main.storyboard;
			sourceTree = "<group>";
		};
		23EA9B481F4C5F4A00A39A06 /* LaunchScreen.storyboard */ = {
			isa = PBXVariantGroup;
			children = (
				23EA9B491F4C5F4A00A39A06 /* Base */,
			);
			name = LaunchScreen.storyboard;
			sourceTree = "<group>";
		};
/* End PBXVariantGroup section */

/* Begin XCBuildConfiguration section */
		23EA9B4C1F4C5F4A00A39A06 /* Debug */ = {
			isa = XCBuildConfiguration;
			buildSettings = {
				ALWAYS_SEARCH_USER_PATHS = NO;
				CLANG_ANALYZER_NONNULL = YES;
				CLANG_ANALYZER_NUMBER_OBJECT_CONVERSION = YES_AGGRESSIVE;
				CLANG_CXX_LANGUAGE_STANDARD = "gnu++0x";
				CLANG_CXX_LIBRARY = "libc++";
				CLANG_ENABLE_MODULES = YES;
				CLANG_ENABLE_OBJC_ARC = YES;
				CLANG_WARN_BOOL_CONVERSION = YES;
				CLANG_WARN_CONSTANT_CONVERSION = YES;
				CLANG_WARN_DIRECT_OBJC_ISA_USAGE = YES_ERROR;
				CLANG_WARN_DOCUMENTATION_COMMENTS = YES;
				CLANG_WARN_EMPTY_BODY = YES;
				CLANG_WARN_ENUM_CONVERSION = YES;
				CLANG_WARN_INFINITE_RECURSION = YES;
				CLANG_WARN_INT_CONVERSION = YES;
				CLANG_WARN_OBJC_ROOT_CLASS = YES_ERROR;
				CLANG_WARN_SUSPICIOUS_MOVE = YES;
				CLANG_WARN_UNREACHABLE_CODE = YES;
				CLANG_WARN__DUPLICATE_METHOD_MATCH = YES;
				"CODE_SIGN_IDENTITY[sdk=iphoneos*]" = "iPhone Developer";
				COPY_PHASE_STRIP = NO;
				DEBUG_INFORMATION_FORMAT = dwarf;
				ENABLE_STRICT_OBJC_MSGSEND = YES;
				ENABLE_TESTABILITY = YES;
				GCC_C_LANGUAGE_STANDARD = gnu99;
				GCC_DYNAMIC_NO_PIC = NO;
				GCC_NO_COMMON_BLOCKS = YES;
				GCC_OPTIMIZATION_LEVEL = 0;
				GCC_PREPROCESSOR_DEFINITIONS = (
					"DEBUG=1",
					"$(inherited)",
				);
				GCC_WARN_64_TO_32_BIT_CONVERSION = YES;
				GCC_WARN_ABOUT_RETURN_TYPE = YES_ERROR;
				GCC_WARN_UNDECLARED_SELECTOR = YES;
				GCC_WARN_UNINITIALIZED_AUTOS = YES_AGGRESSIVE;
				GCC_WARN_UNUSED_FUNCTION = YES;
				GCC_WARN_UNUSED_VARIABLE = YES;
				IPHONEOS_DEPLOYMENT_TARGET = 10.3;
				MTL_ENABLE_DEBUG_INFO = YES;
				ONLY_ACTIVE_ARCH = YES;
				SDKROOT = iphoneos;
				TARGETED_DEVICE_FAMILY = "1,2";
			};
			name = Debug;
		};
		23EA9B4D1F4C5F4A00A39A06 /* Release */ = {
			isa = XCBuildConfiguration;
			buildSettings = {
				ALWAYS_SEARCH_USER_PATHS = NO;
				CLANG_ANALYZER_NONNULL = YES;
				CLANG_ANALYZER_NUMBER_OBJECT_CONVERSION = YES_AGGRESSIVE;
				CLANG_CXX_LANGUAGE_STANDARD = "gnu++0x";
				CLANG_CXX_LIBRARY = "libc++";
				CLANG_ENABLE_MODULES = YES;
				CLANG_ENABLE_OBJC_ARC = YES;
				CLANG_WARN_BOOL_CONVERSION = YES;
				CLANG_WARN_CONSTANT_CONVERSION = YES;
				CLANG_WARN_DIRECT_OBJC_ISA_USAGE = YES_ERROR;
				CLANG_WARN_DOCUMENTATION_COMMENTS = YES;
				CLANG_WARN_EMPTY_BODY = YES;
				CLANG_WARN_ENUM_CONVERSION = YES;
				CLANG_WARN_INFINITE_RECURSION = YES;
				CLANG_WARN_INT_CONVERSION = YES;
				CLANG_WARN_OBJC_ROOT_CLASS = YES_ERROR;
				CLANG_WARN_SUSPICIOUS_MOVE = YES;
				CLANG_WARN_UNREACHABLE_CODE = YES;
				CLANG_WARN__DUPLICATE_METHOD_MATCH = YES;
				"CODE_SIGN_IDENTITY[sdk=iphoneos*]" = "iPhone Developer";
				COPY_PHASE_STRIP = NO;
				DEBUG_INFORMATION_FORMAT = "dwarf-with-dsym";
				ENABLE_NS_ASSERTIONS = NO;
				ENABLE_STRICT_OBJC_MSGSEND = YES;
				GCC_C_LANGUAGE_STANDARD = gnu99;
				GCC_NO_COMMON_BLOCKS = YES;
				GCC_WARN_64_TO_32_BIT_CONVERSION = YES;
				GCC_WARN_ABOUT_RETURN_TYPE = YES_ERROR;
				GCC_WARN_UNDECLARED_SELECTOR = YES;
				GCC_WARN_UNINITIALIZED_AUTOS = YES_AGGRESSIVE;
				GCC_WARN_UNUSED_FUNCTION = YES;
				GCC_WARN_UNUSED_VARIABLE = YES;
				IPHONEOS_DEPLOYMENT_TARGET = 10.3;
				MTL_ENABLE_DEBUG_INFO = NO;
				SDKROOT = iphoneos;
				TARGETED_DEVICE_FAMILY = "1,2";
				VALIDATE_PRODUCT = YES;
			};
			name = Release;
		};
		23EA9B4F1F4C5F4A00A39A06 /* Debug */ = {
			isa = XCBuildConfiguration;
			buildSettings = {
				ASSETCATALOG_COMPILER_APPICON_NAME = AppIcon;
				DEVELOPMENT_TEAM = A42U927466;
				INFOPLIST_FILE = CJSliderView/Info.plist;
				LD_RUNPATH_SEARCH_PATHS = "$(inherited) @executable_path/Frameworks";
				PRODUCT_BUNDLE_IDENTIFIER = com.CJ.CJSliderView;
				PRODUCT_NAME = "$(TARGET_NAME)";
			};
			name = Debug;
		};
		23EA9B501F4C5F4A00A39A06 /* Release */ = {
			isa = XCBuildConfiguration;
			buildSettings = {
				ASSETCATALOG_COMPILER_APPICON_NAME = AppIcon;
				DEVELOPMENT_TEAM = A42U927466;
				INFOPLIST_FILE = CJSliderView/Info.plist;
				LD_RUNPATH_SEARCH_PATHS = "$(inherited) @executable_path/Frameworks";
				PRODUCT_BUNDLE_IDENTIFIER = com.CJ.CJSliderView;
				PRODUCT_NAME = "$(TARGET_NAME)";
			};
			name = Release;
		};
/* End XCBuildConfiguration section */

/* Begin XCConfigurationList section */
		23EA9B321F4C5F4A00A39A06 /* Build configuration list for PBXProject "CJSliderView" */ = {
			isa = XCConfigurationList;
			buildConfigurations = (
				23EA9B4C1F4C5F4A00A39A06 /* Debug */,
				23EA9B4D1F4C5F4A00A39A06 /* Release */,
			);
			defaultConfigurationIsVisible = 0;
			defaultConfigurationName = Release;
		};
		23EA9B4E1F4C5F4A00A39A06 /* Build configuration list for PBXNativeTarget "CJSliderView" */ = {
			isa = XCConfigurationList;
			buildConfigurations = (
				23EA9B4F1F4C5F4A00A39A06 /* Debug */,
				23EA9B501F4C5F4A00A39A06 /* Release */,
			);
			defaultConfigurationIsVisible = 0;
		};
/* End XCConfigurationList section */
	};
	rootObject = 23EA9B2F1F4C5F4A00A39A06 /* Project object */;
}
