// !$*UTF8*$!
{
	archiveVersion = 1;
	classes = {
	};
	objectVersion = 48;
	objects = {

/* Begin PBXBuildFile section */
		2306FBAF200706C900F7212F /* AppDelegate.m in Sources */ = {isa = PBXBuildFile; fileRef = 2306FBAE200706C900F7212F /* AppDelegate.m */; };
		2306FBB2200706C900F7212F /* ViewController.m in Sources */ = {isa = PBXBuildFile; fileRef = 2306FBB1200706C900F7212F /* ViewController.m */; };
		2306FBB5200706C900F7212F /* Main.storyboard in Resources */ = {isa = PBXBuildFile; fileRef = 2306FBB3200706C900F7212F /* Main.storyboard */; };
		2306FBB7200706C900F7212F /* Assets.xcassets in Resources */ = {isa = PBXBuildFile; fileRef = 2306FBB6200706C900F7212F /* Assets.xcassets */; };
		2306FBBA200706C900F7212F /* LaunchScreen.storyboard in Resources */ = {isa = PBXBuildFile; fileRef = 2306FBB8200706C900F7212F /* LaunchScreen.storyboard */; };
		2306FBBD200706C900F7212F /* main.m in Sources */ = {isa = PBXBuildFile; fileRef = 2306FBBC200706C900F7212F /* main.m */; };
		2306FBC7200706C900F7212F /* CoreImageDemoTests.m in Sources */ = {isa = PBXBuildFile; fileRef = 2306FBC6200706C900F7212F /* CoreImageDemoTests.m */; };
		2306FBD2200706C900F7212F /* CoreImageDemoUITests.m in Sources */ = {isa = PBXBuildFile; fileRef = 2306FBD1200706C900F7212F /* CoreImageDemoUITests.m */; };
/* End PBXBuildFile section */

/* Begin PBXContainerItemProxy section */
		2306FBC3200706C900F7212F /* PBXContainerItemProxy */ = {
			isa = PBXContainerItemProxy;
			containerPortal = 2306FBA2200706C900F7212F /* Project object */;
			proxyType = 1;
			remoteGlobalIDString = 2306FBA9200706C900F7212F;
			remoteInfo = CoreImageDemo;
		};
		2306FBCE200706C900F7212F /* PBXContainerItemProxy */ = {
			isa = PBXContainerItemProxy;
			containerPortal = 2306FBA2200706C900F7212F /* Project object */;
			proxyType = 1;
			remoteGlobalIDString = 2306FBA9200706C900F7212F;
			remoteInfo = CoreImageDemo;
		};
/* End PBXContainerItemProxy section */

/* Begin PBXFileReference section */
		2306FBAA200706C900F7212F /* CoreImageDemo.app */ = {isa = PBXFileReference; explicitFileType = wrapper.application; includeInIndex = 0; path = CoreImageDemo.app; sourceTree = BUILT_PRODUCTS_DIR; };
		2306FBAD200706C900F7212F /* AppDelegate.h */ = {isa = PBXFileReference; lastKnownFileType = sourcecode.c.h; path = AppDelegate.h; sourceTree = "<group>"; };
		2306FBAE200706C900F7212F /* AppDelegate.m */ = {isa = PBXFileReference; lastKnownFileType = sourcecode.c.objc; path = AppDelegate.m; sourceTree = "<group>"; };
		2306FBB0200706C900F7212F /* ViewController.h */ = {isa = PBXFileReference; lastKnownFileType = sourcecode.c.h; path = ViewController.h; sourceTree = "<group>"; };
		2306FBB1200706C900F7212F /* ViewController.m */ = {isa = PBXFileReference; lastKnownFileType = sourcecode.c.objc; path = ViewController.m; sourceTree = "<group>"; };
		2306FBB4200706C900F7212F /* Base */ = {isa = PBXFileReference; lastKnownFileType = file.storyboard; name = Base; path = Base.lproj/Main.storyboard; sourceTree = "<group>"; };
		2306FBB6200706C900F7212F /* Assets.xcassets */ = {isa = PBXFileReference; lastKnownFileType = folder.assetcatalog; path = Assets.xcassets; sourceTree = "<group>"; };
		2306FBB9200706C900F7212F /* Base */ = {isa = PBXFileReference; lastKnownFileType = file.storyboard; name = Base; path = Base.lproj/LaunchScreen.storyboard; sourceTree = "<group>"; };
		2306FBBB200706C900F7212F /* Info.plist */ = {isa = PBXFileReference; lastKnownFileType = text.plist.xml; path = Info.plist; sourceTree = "<group>"; };
		2306FBBC200706C900F7212F /* main.m */ = {isa = PBXFileReference; lastKnownFileType = sourcecode.c.objc; path = main.m; sourceTree = "<group>"; };
		2306FBC2200706C900F7212F /* CoreImageDemoTests.xctest */ = {isa = PBXFileReference; explicitFileType = wrapper.cfbundle; includeInIndex = 0; path = CoreImageDemoTests.xctest; sourceTree = BUILT_PRODUCTS_DIR; };
		2306FBC6200706C900F7212F /* CoreImageDemoTests.m */ = {isa = PBXFileReference; lastKnownFileType = sourcecode.c.objc; path = CoreImageDemoTests.m; sourceTree = "<group>"; };
		2306FBC8200706C900F7212F /* Info.plist */ = {isa = PBXFileReference; lastKnownFileType = text.plist.xml; path = Info.plist; sourceTree = "<group>"; };
		2306FBCD200706C900F7212F /* CoreImageDemoUITests.xctest */ = {isa = PBXFileReference; explicitFileType = wrapper.cfbundle; includeInIndex = 0; path = CoreImageDemoUITests.xctest; sourceTree = BUILT_PRODUCTS_DIR; };
		2306FBD1200706C900F7212F /* CoreImageDemoUITests.m */ = {isa = PBXFileReference; lastKnownFileType = sourcecode.c.objc; path = CoreImageDemoUITests.m; sourceTree = "<group>"; };
		2306FBD3200706C900F7212F /* Info.plist */ = {isa = PBXFileReference; lastKnownFileType = text.plist.xml; path = Info.plist; sourceTree = "<group>"; };
/* End PBXFileReference section */

/* Begin PBXFrameworksBuildPhase section */
		2306FBA7200706C900F7212F /* Frameworks */ = {
			isa = PBXFrameworksBuildPhase;
			buildActionMask = 2147483647;
			files = (
			);
			runOnlyForDeploymentPostprocessing = 0;
		};
		2306FBBF200706C900F7212F /* Frameworks */ = {
			isa = PBXFrameworksBuildPhase;
			buildActionMask = 2147483647;
			files = (
			);
			runOnlyForDeploymentPostprocessing = 0;
		};
		2306FBCA200706C900F7212F /* Frameworks */ = {
			isa = PBXFrameworksBuildPhase;
			buildActionMask = 2147483647;
			files = (
			);
			runOnlyForDeploymentPostprocessing = 0;
		};
/* End PBXFrameworksBuildPhase section */

/* Begin PBXGroup section */
		2306FBA1200706C900F7212F = {
			isa = PBXGroup;
			children = (
				2306FBAC200706C900F7212F /* CoreImageDemo */,
				2306FBC5200706C900F7212F /* CoreImageDemoTests */,
				2306FBD0200706C900F7212F /* CoreImageDemoUITests */,
				2306FBAB200706C900F7212F /* Products */,
			);
			sourceTree = "<group>";
		};
		2306FBAB200706C900F7212F /* Products */ = {
			isa = PBXGroup;
			children = (
				2306FBAA200706C900F7212F /* CoreImageDemo.app */,
				2306FBC2200706C900F7212F /* CoreImageDemoTests.xctest */,
				2306FBCD200706C900F7212F /* CoreImageDemoUITests.xctest */,
			);
			name = Products;
			sourceTree = "<group>";
		};
		2306FBAC200706C900F7212F /* CoreImageDemo */ = {
			isa = PBXGroup;
			children = (
				2306FBAD200706C900F7212F /* AppDelegate.h */,
				2306FBAE200706C900F7212F /* AppDelegate.m */,
				2306FBB0200706C900F7212F /* ViewController.h */,
				2306FBB1200706C900F7212F /* ViewController.m */,
				2306FBB3200706C900F7212F /* Main.storyboard */,
				2306FBB6200706C900F7212F /* Assets.xcassets */,
				2306FBB8200706C900F7212F /* LaunchScreen.storyboard */,
				2306FBBB200706C900F7212F /* Info.plist */,
				2306FBBC200706C900F7212F /* main.m */,
			);
			path = CoreImageDemo;
			sourceTree = "<group>";
		};
		2306FBC5200706C900F7212F /* CoreImageDemoTests */ = {
			isa = PBXGroup;
			children = (
				2306FBC6200706C900F7212F /* CoreImageDemoTests.m */,
				2306FBC8200706C900F7212F /* Info.plist */,
			);
			path = CoreImageDemoTests;
			sourceTree = "<group>";
		};
		2306FBD0200706C900F7212F /* CoreImageDemoUITests */ = {
			isa = PBXGroup;
			children = (
				2306FBD1200706C900F7212F /* CoreImageDemoUITests.m */,
				2306FBD3200706C900F7212F /* Info.plist */,
			);
			path = CoreImageDemoUITests;
			sourceTree = "<group>";
		};
/* End PBXGroup section */

/* Begin PBXNativeTarget section */
		2306FBA9200706C900F7212F /* CoreImageDemo */ = {
			isa = PBXNativeTarget;
			buildConfigurationList = 2306FBD6200706C900F7212F /* Build configuration list for PBXNativeTarget "CoreImageDemo" */;
			buildPhases = (
				2306FBA6200706C900F7212F /* Sources */,
				2306FBA7200706C900F7212F /* Frameworks */,
				2306FBA8200706C900F7212F /* Resources */,
			);
			buildRules = (
			);
			dependencies = (
			);
			name = CoreImageDemo;
			productName = CoreImageDemo;
			productReference = 2306FBAA200706C900F7212F /* CoreImageDemo.app */;
			productType = "com.apple.product-type.application";
		};
		2306FBC1200706C900F7212F /* CoreImageDemoTests */ = {
			isa = PBXNativeTarget;
			buildConfigurationList = 2306FBD9200706C900F7212F /* Build configuration list for PBXNativeTarget "CoreImageDemoTests" */;
			buildPhases = (
				2306FBBE200706C900F7212F /* Sources */,
				2306FBBF200706C900F7212F /* Frameworks */,
				2306FBC0200706C900F7212F /* Resources */,
			);
			buildRules = (
			);
			dependencies = (
				2306FBC4200706C900F7212F /* PBXTargetDependency */,
			);
			name = CoreImageDemoTests;
			productName = CoreImageDemoTests;
			productReference = 2306FBC2200706C900F7212F /* CoreImageDemoTests.xctest */;
			productType = "com.apple.product-type.bundle.unit-test";
		};
		2306FBCC200706C900F7212F /* CoreImageDemoUITests */ = {
			isa = PBXNativeTarget;
			buildConfigurationList = 2306FBDC200706C900F7212F /* Build configuration list for PBXNativeTarget "CoreImageDemoUITests" */;
			buildPhases = (
				2306FBC9200706C900F7212F /* Sources */,
				2306FBCA200706C900F7212F /* Frameworks */,
				2306FBCB200706C900F7212F /* Resources */,
			);
			buildRules = (
			);
			dependencies = (
				2306FBCF200706C900F7212F /* PBXTargetDependency */,
			);
			name = CoreImageDemoUITests;
			productName = CoreImageDemoUITests;
			productReference = 2306FBCD200706C900F7212F /* CoreImageDemoUITests.xctest */;
			productType = "com.apple.product-type.bundle.ui-testing";
		};
/* End PBXNativeTarget section */

/* Begin PBXProject section */
		2306FBA2200706C900F7212F /* Project object */ = {
			isa = PBXProject;
			attributes = {
				LastUpgradeCheck = 0920;
				ORGANIZATIONNAME = CJ;
				TargetAttributes = {
					2306FBA9200706C900F7212F = {
						CreatedOnToolsVersion = 9.2;
						ProvisioningStyle = Automatic;
					};
					2306FBC1200706C900F7212F = {
						CreatedOnToolsVersion = 9.2;
						ProvisioningStyle = Automatic;
						TestTargetID = 2306FBA9200706C900F7212F;
					};
					2306FBCC200706C900F7212F = {
						CreatedOnToolsVersion = 9.2;
						ProvisioningStyle = Automatic;
						TestTargetID = 2306FBA9200706C900F7212F;
					};
				};
			};
			buildConfigurationList = 2306FBA5200706C900F7212F /* Build configuration list for PBXProject "CoreImageDemo" */;
			compatibilityVersion = "Xcode 8.0";
			developmentRegion = en;
			hasScannedForEncodings = 0;
			knownRegions = (
				en,
				Base,
			);
			mainGroup = 2306FBA1200706C900F7212F;
			productRefGroup = 2306FBAB200706C900F7212F /* Products */;
			projectDirPath = "";
			projectRoot = "";
			targets = (
				2306FBA9200706C900F7212F /* CoreImageDemo */,
				2306FBC1200706C900F7212F /* CoreImageDemoTests */,
				2306FBCC200706C900F7212F /* CoreImageDemoUITests */,
			);
		};
/* End PBXProject section */

/* Begin PBXResourcesBuildPhase section */
		2306FBA8200706C900F7212F /* Resources */ = {
			isa = PBXResourcesBuildPhase;
			buildActionMask = 2147483647;
			files = (
				2306FBBA200706C900F7212F /* LaunchScreen.storyboard in Resources */,
				2306FBB7200706C900F7212F /* Assets.xcassets in Resources */,
				2306FBB5200706C900F7212F /* Main.storyboard in Resources */,
			);
			runOnlyForDeploymentPostprocessing = 0;
		};
		2306FBC0200706C900F7212F /* Resources */ = {
			isa = PBXResourcesBuildPhase;
			buildActionMask = 2147483647;
			files = (
			);
			runOnlyForDeploymentPostprocessing = 0;
		};
		2306FBCB200706C900F7212F /* Resources */ = {
			isa = PBXResourcesBuildPhase;
			buildActionMask = 2147483647;
			files = (
			);
			runOnlyForDeploymentPostprocessing = 0;
		};
/* End PBXResourcesBuildPhase section */

/* Begin PBXSourcesBuildPhase section */
		2306FBA6200706C900F7212F /* Sources */ = {
			isa = PBXSourcesBuildPhase;
			buildActionMask = 2147483647;
			files = (
				2306FBB2200706C900F7212F /* ViewController.m in Sources */,
				2306FBBD200706C900F7212F /* main.m in Sources */,
				2306FBAF200706C900F7212F /* AppDelegate.m in Sources */,
			);
			runOnlyForDeploymentPostprocessing = 0;
		};
		2306FBBE200706C900F7212F /* Sources */ = {
			isa = PBXSourcesBuildPhase;
			buildActionMask = 2147483647;
			files = (
				2306FBC7200706C900F7212F /* CoreImageDemoTests.m in Sources */,
			);
			runOnlyForDeploymentPostprocessing = 0;
		};
		2306FBC9200706C900F7212F /* Sources */ = {
			isa = PBXSourcesBuildPhase;
			buildActionMask = 2147483647;
			files = (
				2306FBD2200706C900F7212F /* CoreImageDemoUITests.m in Sources */,
			);
			runOnlyForDeploymentPostprocessing = 0;
		};
/* End PBXSourcesBuildPhase section */

/* Begin PBXTargetDependency section */
		2306FBC4200706C900F7212F /* PBXTargetDependency */ = {
			isa = PBXTargetDependency;
			target = 2306FBA9200706C900F7212F /* CoreImageDemo */;
			targetProxy = 2306FBC3200706C900F7212F /* PBXContainerItemProxy */;
		};
		2306FBCF200706C900F7212F /* PBXTargetDependency */ = {
			isa = PBXTargetDependency;
			target = 2306FBA9200706C900F7212F /* CoreImageDemo */;
			targetProxy = 2306FBCE200706C900F7212F /* PBXContainerItemProxy */;
		};
/* End PBXTargetDependency section */

/* Begin PBXVariantGroup section */
		2306FBB3200706C900F7212F /* Main.storyboard */ = {
			isa = PBXVariantGroup;
			children = (
				2306FBB4200706C900F7212F /* Base */,
			);
			name = Main.storyboard;
			sourceTree = "<group>";
		};
		2306FBB8200706C900F7212F /* LaunchScreen.storyboard */ = {
			isa = PBXVariantGroup;
			children = (
				2306FBB9200706C900F7212F /* Base */,
			);
			name = LaunchScreen.storyboard;
			sourceTree = "<group>";
		};
/* End PBXVariantGroup section */

/* Begin XCBuildConfiguration section */
		2306FBD4200706C900F7212F /* Debug */ = {
			isa = XCBuildConfiguration;
			buildSettings = {
				ALWAYS_SEARCH_USER_PATHS = NO;
				CLANG_ANALYZER_NONNULL = YES;
				CLANG_ANALYZER_NUMBER_OBJECT_CONVERSION = YES_AGGRESSIVE;
				CLANG_CXX_LANGUAGE_STANDARD = "gnu++14";
				CLANG_CXX_LIBRARY = "libc++";
				CLANG_ENABLE_MODULES = YES;
				CLANG_ENABLE_OBJC_ARC = YES;
				CLANG_WARN_BLOCK_CAPTURE_AUTORELEASING = YES;
				CLANG_WARN_BOOL_CONVERSION = YES;
				CLANG_WARN_COMMA = YES;
				CLANG_WARN_CONSTANT_CONVERSION = YES;
				CLANG_WARN_DIRECT_OBJC_ISA_USAGE = YES_ERROR;
				CLANG_WARN_DOCUMENTATION_COMMENTS = YES;
				CLANG_WARN_EMPTY_BODY = YES;
				CLANG_WARN_ENUM_CONVERSION = YES;
				CLANG_WARN_INFINITE_RECURSION = YES;
				CLANG_WARN_INT_CONVERSION = YES;
				CLANG_WARN_NON_LITERAL_NULL_CONVERSION = YES;
				CLANG_WARN_OBJC_LITERAL_CONVERSION = YES;
				CLANG_WARN_OBJC_ROOT_CLASS = YES_ERROR;
				CLANG_WARN_RANGE_LOOP_ANALYSIS = YES;
				CLANG_WARN_STRICT_PROTOTYPES = YES;
				CLANG_WARN_SUSPICIOUS_MOVE = YES;
				CLANG_WARN_UNGUARDED_AVAILABILITY = YES_AGGRESSIVE;
				CLANG_WARN_UNREACHABLE_CODE = YES;
				CLANG_WARN__DUPLICATE_METHOD_MATCH = YES;
				CODE_SIGN_IDENTITY = "iPhone Developer";
				COPY_PHASE_STRIP = NO;
				DEBUG_INFORMATION_FORMAT = dwarf;
				ENABLE_STRICT_OBJC_MSGSEND = YES;
				ENABLE_TESTABILITY = YES;
				GCC_C_LANGUAGE_STANDARD = gnu11;
				GCC_DYNAMIC_NO_PIC = NO;
				GCC_NO_COMMON_BLOCKS = YES;
				GCC_OPTIMIZATION_LEVEL = 0;
				GCC_PREPROCESSOR_DEFINITIONS = (
					"DEBUG=1",
					"$(inherited)",
				);
				GCC_WARN_64_TO_32_BIT_CONVERSION = YES;
				GCC_WARN_ABOUT_RETURN_TYPE = YES_ERROR;
				GCC_WARN_UNDECLARED_SELECTOR = YES;
				GCC_WARN_UNINITIALIZED_AUTOS = YES_AGGRESSIVE;
				GCC_WARN_UNUSED_FUNCTION = YES;
				GCC_WARN_UNUSED_VARIABLE = YES;
				IPHONEOS_DEPLOYMENT_TARGET = 11.2;
				MTL_ENABLE_DEBUG_INFO = YES;
				ONLY_ACTIVE_ARCH = YES;
				SDKROOT = iphoneos;
			};
			name = Debug;
		};
		2306FBD5200706C900F7212F /* Release */ = {
			isa = XCBuildConfiguration;
			buildSettings = {
				ALWAYS_SEARCH_USER_PATHS = NO;
				CLANG_ANALYZER_NONNULL = YES;
				CLANG_ANALYZER_NUMBER_OBJECT_CONVERSION = YES_AGGRESSIVE;
				CLANG_CXX_LANGUAGE_STANDARD = "gnu++14";
				CLANG_CXX_LIBRARY = "libc++";
				CLANG_ENABLE_MODULES = YES;
				CLANG_ENABLE_OBJC_ARC = YES;
				CLANG_WARN_BLOCK_CAPTURE_AUTORELEASING = YES;
				CLANG_WARN_BOOL_CONVERSION = YES;
				CLANG_WARN_COMMA = YES;
				CLANG_WARN_CONSTANT_CONVERSION = YES;
				CLANG_WARN_DIRECT_OBJC_ISA_USAGE = YES_ERROR;
				CLANG_WARN_DOCUMENTATION_COMMENTS = YES;
				CLANG_WARN_EMPTY_BODY = YES;
				CLANG_WARN_ENUM_CONVERSION = YES;
				CLANG_WARN_INFINITE_RECURSION = YES;
				CLANG_WARN_INT_CONVERSION = YES;
				CLANG_WARN_NON_LITERAL_NULL_CONVERSION = YES;
				CLANG_WARN_OBJC_LITERAL_CONVERSION = YES;
				CLANG_WARN_OBJC_ROOT_CLASS = YES_ERROR;
				CLANG_WARN_RANGE_LOOP_ANALYSIS = YES;
				CLANG_WARN_STRICT_PROTOTYPES = YES;
				CLANG_WARN_SUSPICIOUS_MOVE = YES;
				CLANG_WARN_UNGUARDED_AVAILABILITY = YES_AGGRESSIVE;
				CLANG_WARN_UNREACHABLE_CODE = YES;
				CLANG_WARN__DUPLICATE_METHOD_MATCH = YES;
				CODE_SIGN_IDENTITY = "iPhone Developer";
				COPY_PHASE_STRIP = NO;
				DEBUG_INFORMATION_FORMAT = "dwarf-with-dsym";
				ENABLE_NS_ASSERTIONS = NO;
				ENABLE_STRICT_OBJC_MSGSEND = YES;
				GCC_C_LANGUAGE_STANDARD = gnu11;
				GCC_NO_COMMON_BLOCKS = YES;
				GCC_WARN_64_TO_32_BIT_CONVERSION = YES;
				GCC_WARN_ABOUT_RETURN_TYPE = YES_ERROR;
				GCC_WARN_UNDECLARED_SELECTOR = YES;
				GCC_WARN_UNINITIALIZED_AUTOS = YES_AGGRESSIVE;
				GCC_WARN_UNUSED_FUNCTION = YES;
				GCC_WARN_UNUSED_VARIABLE = YES;
				IPHONEOS_DEPLOYMENT_TARGET = 11.2;
				MTL_ENABLE_DEBUG_INFO = NO;
				SDKROOT = iphoneos;
				VALIDATE_PRODUCT = YES;
			};
			name = Release;
		};
		2306FBD7200706C900F7212F /* Debug */ = {
			isa = XCBuildConfiguration;
			buildSettings = {
				ASSETCATALOG_COMPILER_APPICON_NAME = AppIcon;
				CODE_SIGN_STYLE = Automatic;
				INFOPLIST_FILE = CoreImageDemo/Info.plist;
				LD_RUNPATH_SEARCH_PATHS = "$(inherited) @executable_path/Frameworks";
				PRODUCT_BUNDLE_IDENTIFIER = com.CJ.CoreImageDemo;
				PRODUCT_NAME = "$(TARGET_NAME)";
				TARGETED_DEVICE_FAMILY = "1,2";
			};
			name = Debug;
		};
		2306FBD8200706C900F7212F /* Release */ = {
			isa = XCBuildConfiguration;
			buildSettings = {
				ASSETCATALOG_COMPILER_APPICON_NAME = AppIcon;
				CODE_SIGN_STYLE = Automatic;
				INFOPLIST_FILE = CoreImageDemo/Info.plist;
				LD_RUNPATH_SEARCH_PATHS = "$(inherited) @executable_path/Frameworks";
				PRODUCT_BUNDLE_IDENTIFIER = com.CJ.CoreImageDemo;
				PRODUCT_NAME = "$(TARGET_NAME)";
				TARGETED_DEVICE_FAMILY = "1,2";
			};
			name = Release;
		};
		2306FBDA200706C900F7212F /* Debug */ = {
			isa = XCBuildConfiguration;
			buildSettings = {
				BUNDLE_LOADER = "$(TEST_HOST)";
				CODE_SIGN_STYLE = Automatic;
				INFOPLIST_FILE = CoreImageDemoTests/Info.plist;
				LD_RUNPATH_SEARCH_PATHS = "$(inherited) @executable_path/Frameworks @loader_path/Frameworks";
				PRODUCT_BUNDLE_IDENTIFIER = com.CJ.CoreImageDemoTests;
				PRODUCT_NAME = "$(TARGET_NAME)";
				TARGETED_DEVICE_FAMILY = "1,2";
				TEST_HOST = "$(BUILT_PRODUCTS_DIR)/CoreImageDemo.app/CoreImageDemo";
			};
			name = Debug;
		};
		2306FBDB200706C900F7212F /* Release */ = {
			isa = XCBuildConfiguration;
			buildSettings = {
				BUNDLE_LOADER = "$(TEST_HOST)";
				CODE_SIGN_STYLE = Automatic;
				INFOPLIST_FILE = CoreImageDemoTests/Info.plist;
				LD_RUNPATH_SEARCH_PATHS = "$(inherited) @executable_path/Frameworks @loader_path/Frameworks";
				PRODUCT_BUNDLE_IDENTIFIER = com.CJ.CoreImageDemoTests;
				PRODUCT_NAME = "$(TARGET_NAME)";
				TARGETED_DEVICE_FAMILY = "1,2";
				TEST_HOST = "$(BUILT_PRODUCTS_DIR)/CoreImageDemo.app/CoreImageDemo";
			};
			name = Release;
		};
		2306FBDD200706C900F7212F /* Debug */ = {
			isa = XCBuildConfiguration;
			buildSettings = {
				CODE_SIGN_STYLE = Automatic;
				INFOPLIST_FILE = CoreImageDemoUITests/Info.plist;
				LD_RUNPATH_SEARCH_PATHS = "$(inherited) @executable_path/Frameworks @loader_path/Frameworks";
				PRODUCT_BUNDLE_IDENTIFIER = com.CJ.CoreImageDemoUITests;
				PRODUCT_NAME = "$(TARGET_NAME)";
				TARGETED_DEVICE_FAMILY = "1,2";
				TEST_TARGET_NAME = CoreImageDemo;
			};
			name = Debug;
		};
		2306FBDE200706C900F7212F /* Release */ = {
			isa = XCBuildConfiguration;
			buildSettings = {
				CODE_SIGN_STYLE = Automatic;
				INFOPLIST_FILE = CoreImageDemoUITests/Info.plist;
				LD_RUNPATH_SEARCH_PATHS = "$(inherited) @executable_path/Frameworks @loader_path/Frameworks";
				PRODUCT_BUNDLE_IDENTIFIER = com.CJ.CoreImageDemoUITests;
				PRODUCT_NAME = "$(TARGET_NAME)";
				TARGETED_DEVICE_FAMILY = "1,2";
				TEST_TARGET_NAME = CoreImageDemo;
			};
			name = Release;
		};
/* End XCBuildConfiguration section */

/* Begin XCConfigurationList section */
		2306FBA5200706C900F7212F /* Build configuration list for PBXProject "CoreImageDemo" */ = {
			isa = XCConfigurationList;
			buildConfigurations = (
				2306FBD4200706C900F7212F /* Debug */,
				2306FBD5200706C900F7212F /* Release */,
			);
			defaultConfigurationIsVisible = 0;
			defaultConfigurationName = Release;
		};
		2306FBD6200706C900F7212F /* Build configuration list for PBXNativeTarget "CoreImageDemo" */ = {
			isa = XCConfigurationList;
			buildConfigurations = (
				2306FBD7200706C900F7212F /* Debug */,
				2306FBD8200706C900F7212F /* Release */,
			);
			defaultConfigurationIsVisible = 0;
			defaultConfigurationName = Release;
		};
		2306FBD9200706C900F7212F /* Build configuration list for PBXNativeTarget "CoreImageDemoTests" */ = {
			isa = XCConfigurationList;
			buildConfigurations = (
				2306FBDA200706C900F7212F /* Debug */,
				2306FBDB200706C900F7212F /* Release */,
			);
			defaultConfigurationIsVisible = 0;
			defaultConfigurationName = Release;
		};
		2306FBDC200706C900F7212F /* Build configuration list for PBXNativeTarget "CoreImageDemoUITests" */ = {
			isa = XCConfigurationList;
			buildConfigurations = (
				2306FBDD200706C900F7212F /* Debug */,
				2306FBDE200706C900F7212F /* Release */,
			);
			defaultConfigurationIsVisible = 0;
			defaultConfigurationName = Release;
		};
/* End XCConfigurationList section */
	};
	rootObject = 2306FBA2200706C900F7212F /* Project object */;
}
