// !$*UTF8*$!
{
	archiveVersion = 1;
	classes = {
	};
	objectVersion = 48;
	objects = {

/* Begin PBXBuildFile section */
		233FBA6D1F96FFB600370D94 /* AppDelegate.m in Sources */ = {isa = PBXBuildFile; fileRef = 233FBA6C1F96FFB600370D94 /* AppDelegate.m */; };
		233FBA701F96FFB600370D94 /* ViewController.m in Sources */ = {isa = PBXBuildFile; fileRef = 233FBA6F1F96FFB600370D94 /* ViewController.m */; };
		233FBA731F96FFB600370D94 /* Main.storyboard in Resources */ = {isa = PBXBuildFile; fileRef = 233FBA711F96FFB600370D94 /* Main.storyboard */; };
		233FBA751F96FFB600370D94 /* Assets.xcassets in Resources */ = {isa = PBXBuildFile; fileRef = 233FBA741F96FFB600370D94 /* Assets.xcassets */; };
		233FBA781F96FFB600370D94 /* LaunchScreen.storyboard in Resources */ = {isa = PBXBuildFile; fileRef = 233FBA761F96FFB600370D94 /* LaunchScreen.storyboard */; };
		233FBA7B1F96FFB600370D94 /* main.m in Sources */ = {isa = PBXBuildFile; fileRef = 233FBA7A1F96FFB600370D94 /* main.m */; };
/* End PBXBuildFile section */

/* Begin PBXFileReference section */
		233FBA681F96FFB600370D94 /* Thread-Lock.app */ = {isa = PBXFileReference; explicitFileType = wrapper.application; includeInIndex = 0; path = "Thread-Lock.app"; sourceTree = BUILT_PRODUCTS_DIR; };
		233FBA6B1F96FFB600370D94 /* AppDelegate.h */ = {isa = PBXFileReference; lastKnownFileType = sourcecode.c.h; path = AppDelegate.h; sourceTree = "<group>"; };
		233FBA6C1F96FFB600370D94 /* AppDelegate.m */ = {isa = PBXFileReference; lastKnownFileType = sourcecode.c.objc; path = AppDelegate.m; sourceTree = "<group>"; };
		233FBA6E1F96FFB600370D94 /* ViewController.h */ = {isa = PBXFileReference; lastKnownFileType = sourcecode.c.h; path = ViewController.h; sourceTree = "<group>"; };
		233FBA6F1F96FFB600370D94 /* ViewController.m */ = {isa = PBXFileReference; lastKnownFileType = sourcecode.c.objc; path = ViewController.m; sourceTree = "<group>"; };
		233FBA721F96FFB600370D94 /* Base */ = {isa = PBXFileReference; lastKnownFileType = file.storyboard; name = Base; path = Base.lproj/Main.storyboard; sourceTree = "<group>"; };
		233FBA741F96FFB600370D94 /* Assets.xcassets */ = {isa = PBXFileReference; lastKnownFileType = folder.assetcatalog; path = Assets.xcassets; sourceTree = "<group>"; };
		233FBA771F96FFB600370D94 /* Base */ = {isa = PBXFileReference; lastKnownFileType = file.storyboard; name = Base; path = Base.lproj/LaunchScreen.storyboard; sourceTree = "<group>"; };
		233FBA791F96FFB600370D94 /* Info.plist */ = {isa = PBXFileReference; lastKnownFileType = text.plist.xml; path = Info.plist; sourceTree = "<group>"; };
		233FBA7A1F96FFB600370D94 /* main.m */ = {isa = PBXFileReference; lastKnownFileType = sourcecode.c.objc; path = main.m; sourceTree = "<group>"; };
/* End PBXFileReference section */

/* Begin PBXFrameworksBuildPhase section */
		233FBA651F96FFB600370D94 /* Frameworks */ = {
			isa = PBXFrameworksBuildPhase;
			buildActionMask = 2147483647;
			files = (
			);
			runOnlyForDeploymentPostprocessing = 0;
		};
/* End PBXFrameworksBuildPhase section */

/* Begin PBXGroup section */
		233FBA5F1F96FFB600370D94 = {
			isa = PBXGroup;
			children = (
				233FBA6A1F96FFB600370D94 /* Thread-Lock */,
				233FBA691F96FFB600370D94 /* Products */,
			);
			sourceTree = "<group>";
		};
		233FBA691F96FFB600370D94 /* Products */ = {
			isa = PBXGroup;
			children = (
				233FBA681F96FFB600370D94 /* Thread-Lock.app */,
			);
			name = Products;
			sourceTree = "<group>";
		};
		233FBA6A1F96FFB600370D94 /* Thread-Lock */ = {
			isa = PBXGroup;
			children = (
				233FBA6B1F96FFB600370D94 /* AppDelegate.h */,
				233FBA6C1F96FFB600370D94 /* AppDelegate.m */,
				233FBA6E1F96FFB600370D94 /* ViewController.h */,
				233FBA6F1F96FFB600370D94 /* ViewController.m */,
				233FBA711F96FFB600370D94 /* Main.storyboard */,
				233FBA741F96FFB600370D94 /* Assets.xcassets */,
				233FBA761F96FFB600370D94 /* LaunchScreen.storyboard */,
				233FBA791F96FFB600370D94 /* Info.plist */,
				233FBA7A1F96FFB600370D94 /* main.m */,
			);
			path = "Thread-Lock";
			sourceTree = "<group>";
		};
/* End PBXGroup section */

/* Begin PBXNativeTarget section */
		233FBA671F96FFB600370D94 /* Thread-Lock */ = {
			isa = PBXNativeTarget;
			buildConfigurationList = 233FBA7E1F96FFB600370D94 /* Build configuration list for PBXNativeTarget "Thread-Lock" */;
			buildPhases = (
				233FBA641F96FFB600370D94 /* Sources */,
				233FBA651F96FFB600370D94 /* Frameworks */,
				233FBA661F96FFB600370D94 /* Resources */,
			);
			buildRules = (
			);
			dependencies = (
			);
			name = "Thread-Lock";
			productName = "Thread-Lock";
			productReference = 233FBA681F96FFB600370D94 /* Thread-Lock.app */;
			productType = "com.apple.product-type.application";
		};
/* End PBXNativeTarget section */

/* Begin PBXProject section */
		233FBA601F96FFB600370D94 /* Project object */ = {
			isa = PBXProject;
			attributes = {
				LastUpgradeCheck = 0900;
				ORGANIZATIONNAME = CJ;
				TargetAttributes = {
					233FBA671F96FFB600370D94 = {
						CreatedOnToolsVersion = 9.0;
						ProvisioningStyle = Automatic;
					};
				};
			};
			buildConfigurationList = 233FBA631F96FFB600370D94 /* Build configuration list for PBXProject "Thread-Lock" */;
			compatibilityVersion = "Xcode 8.0";
			developmentRegion = en;
			hasScannedForEncodings = 0;
			knownRegions = (
				en,
				Base,
			);
			mainGroup = 233FBA5F1F96FFB600370D94;
			productRefGroup = 233FBA691F96FFB600370D94 /* Products */;
			projectDirPath = "";
			projectRoot = "";
			targets = (
				233FBA671F96FFB600370D94 /* Thread-Lock */,
			);
		};
/* End PBXProject section */

/* Begin PBXResourcesBuildPhase section */
		233FBA661F96FFB600370D94 /* Resources */ = {
			isa = PBXResourcesBuildPhase;
			buildActionMask = 2147483647;
			files = (
				233FBA781F96FFB600370D94 /* LaunchScreen.storyboard in Resources */,
				233FBA751F96FFB600370D94 /* Assets.xcassets in Resources */,
				233FBA731F96FFB600370D94 /* Main.storyboard in Resources */,
			);
			runOnlyForDeploymentPostprocessing = 0;
		};
/* End PBXResourcesBuildPhase section */

/* Begin PBXSourcesBuildPhase section */
		233FBA641F96FFB600370D94 /* Sources */ = {
			isa = PBXSourcesBuildPhase;
			buildActionMask = 2147483647;
			files = (
				233FBA701F96FFB600370D94 /* ViewController.m in Sources */,
				233FBA7B1F96FFB600370D94 /* main.m in Sources */,
				233FBA6D1F96FFB600370D94 /* AppDelegate.m in Sources */,
			);
			runOnlyForDeploymentPostprocessing = 0;
		};
/* End PBXSourcesBuildPhase section */

/* Begin PBXVariantGroup section */
		233FBA711F96FFB600370D94 /* Main.storyboard */ = {
			isa = PBXVariantGroup;
			children = (
				233FBA721F96FFB600370D94 /* Base */,
			);
			name = Main.storyboard;
			sourceTree = "<group>";
		};
		233FBA761F96FFB600370D94 /* LaunchScreen.storyboard */ = {
			isa = PBXVariantGroup;
			children = (
				233FBA771F96FFB600370D94 /* Base */,
			);
			name = LaunchScreen.storyboard;
			sourceTree = "<group>";
		};
/* End PBXVariantGroup section */

/* Begin XCBuildConfiguration section */
		233FBA7C1F96FFB600370D94 /* Debug */ = {
			isa = XCBuildConfiguration;
			buildSettings = {
				ALWAYS_SEARCH_USER_PATHS = NO;
				CLANG_ANALYZER_NONNULL = YES;
				CLANG_ANALYZER_NUMBER_OBJECT_CONVERSION = YES_AGGRESSIVE;
				CLANG_CXX_LANGUAGE_STANDARD = "gnu++14";
				CLANG_CXX_LIBRARY = "libc++";
				CLANG_ENABLE_MODULES = YES;
				CLANG_ENABLE_OBJC_ARC = YES;
				CLANG_WARN_BLOCK_CAPTURE_AUTORELEASING = YES;
				CLANG_WARN_BOOL_CONVERSION = YES;
				CLANG_WARN_COMMA = YES;
				CLANG_WARN_CONSTANT_CONVERSION = YES;
				CLANG_WARN_DIRECT_OBJC_ISA_USAGE = YES_ERROR;
				CLANG_WARN_DOCUMENTATION_COMMENTS = YES;
				CLANG_WARN_EMPTY_BODY = YES;
				CLANG_WARN_ENUM_CONVERSION = YES;
				CLANG_WARN_INFINITE_RECURSION = YES;
				CLANG_WARN_INT_CONVERSION = YES;
				CLANG_WARN_NON_LITERAL_NULL_CONVERSION = YES;
				CLANG_WARN_OBJC_LITERAL_CONVERSION = YES;
				CLANG_WARN_OBJC_ROOT_CLASS = YES_ERROR;
				CLANG_WARN_RANGE_LOOP_ANALYSIS = YES;
				CLANG_WARN_STRICT_PROTOTYPES = YES;
				CLANG_WARN_SUSPICIOUS_MOVE = YES;
				CLANG_WARN_UNGUARDED_AVAILABILITY = YES_AGGRESSIVE;
				CLANG_WARN_UNREACHABLE_CODE = YES;
				CLANG_WARN__DUPLICATE_METHOD_MATCH = YES;
				CODE_SIGN_IDENTITY = "iPhone Developer";
				COPY_PHASE_STRIP = NO;
				DEBUG_INFORMATION_FORMAT = dwarf;
				ENABLE_STRICT_OBJC_MSGSEND = YES;
				ENABLE_TESTABILITY = YES;
				GCC_C_LANGUAGE_STANDARD = gnu11;
				GCC_DYNAMIC_NO_PIC = NO;
				GCC_NO_COMMON_BLOCKS = YES;
				GCC_OPTIMIZATION_LEVEL = 0;
				GCC_PREPROCESSOR_DEFINITIONS = (
					"DEBUG=1",
					"$(inherited)",
				);
				GCC_WARN_64_TO_32_BIT_CONVERSION = YES;
				GCC_WARN_ABOUT_RETURN_TYPE = YES_ERROR;
				GCC_WARN_UNDECLARED_SELECTOR = YES;
				GCC_WARN_UNINITIALIZED_AUTOS = YES_AGGRESSIVE;
				GCC_WARN_UNUSED_FUNCTION = YES;
				GCC_WARN_UNUSED_VARIABLE = YES;
				IPHONEOS_DEPLOYMENT_TARGET = 11.0;
				MTL_ENABLE_DEBUG_INFO = YES;
				ONLY_ACTIVE_ARCH = YES;
				SDKROOT = iphoneos;
			};
			name = Debug;
		};
		233FBA7D1F96FFB600370D94 /* Release */ = {
			isa = XCBuildConfiguration;
			buildSettings = {
				ALWAYS_SEARCH_USER_PATHS = NO;
				CLANG_ANALYZER_NONNULL = YES;
				CLANG_ANALYZER_NUMBER_OBJECT_CONVERSION = YES_AGGRESSIVE;
				CLANG_CXX_LANGUAGE_STANDARD = "gnu++14";
				CLANG_CXX_LIBRARY = "libc++";
				CLANG_ENABLE_MODULES = YES;
				CLANG_ENABLE_OBJC_ARC = YES;
				CLANG_WARN_BLOCK_CAPTURE_AUTORELEASING = YES;
				CLANG_WARN_BOOL_CONVERSION = YES;
				CLANG_WARN_COMMA = YES;
				CLANG_WARN_CONSTANT_CONVERSION = YES;
				CLANG_WARN_DIRECT_OBJC_ISA_USAGE = YES_ERROR;
				CLANG_WARN_DOCUMENTATION_COMMENTS = YES;
				CLANG_WARN_EMPTY_BODY = YES;
				CLANG_WARN_ENUM_CONVERSION = YES;
				CLANG_WARN_INFINITE_RECURSION = YES;
				CLANG_WARN_INT_CONVERSION = YES;
				CLANG_WARN_NON_LITERAL_NULL_CONVERSION = YES;
				CLANG_WARN_OBJC_LITERAL_CONVERSION = YES;
				CLANG_WARN_OBJC_ROOT_CLASS = YES_ERROR;
				CLANG_WARN_RANGE_LOOP_ANALYSIS = YES;
				CLANG_WARN_STRICT_PROTOTYPES = YES;
				CLANG_WARN_SUSPICIOUS_MOVE = YES;
				CLANG_WARN_UNGUARDED_AVAILABILITY = YES_AGGRESSIVE;
				CLANG_WARN_UNREACHABLE_CODE = YES;
				CLANG_WARN__DUPLICATE_METHOD_MATCH = YES;
				CODE_SIGN_IDENTITY = "iPhone Developer";
				COPY_PHASE_STRIP = NO;
				DEBUG_INFORMATION_FORMAT = "dwarf-with-dsym";
				ENABLE_NS_ASSERTIONS = NO;
				ENABLE_STRICT_OBJC_MSGSEND = YES;
				GCC_C_LANGUAGE_STANDARD = gnu11;
				GCC_NO_COMMON_BLOCKS = YES;
				GCC_WARN_64_TO_32_BIT_CONVERSION = YES;
				GCC_WARN_ABOUT_RETURN_TYPE = YES_ERROR;
				GCC_WARN_UNDECLARED_SELECTOR = YES;
				GCC_WARN_UNINITIALIZED_AUTOS = YES_AGGRESSIVE;
				GCC_WARN_UNUSED_FUNCTION = YES;
				GCC_WARN_UNUSED_VARIABLE = YES;
				IPHONEOS_DEPLOYMENT_TARGET = 11.0;
				MTL_ENABLE_DEBUG_INFO = NO;
				SDKROOT = iphoneos;
				VALIDATE_PRODUCT = YES;
			};
			name = Release;
		};
		233FBA7F1F96FFB600370D94 /* Debug */ = {
			isa = XCBuildConfiguration;
			buildSettings = {
				ASSETCATALOG_COMPILER_APPICON_NAME = AppIcon;
				CODE_SIGN_STYLE = Automatic;
				DEVELOPMENT_TEAM = A42U927466;
				INFOPLIST_FILE = "Thread-Lock/Info.plist";
				LD_RUNPATH_SEARCH_PATHS = "$(inherited) @executable_path/Frameworks";
				PRODUCT_BUNDLE_IDENTIFIER = "com.CJ.Thread-Lock";
				PRODUCT_NAME = "$(TARGET_NAME)";
				TARGETED_DEVICE_FAMILY = "1,2";
			};
			name = Debug;
		};
		233FBA801F96FFB600370D94 /* Release */ = {
			isa = XCBuildConfiguration;
			buildSettings = {
				ASSETCATALOG_COMPILER_APPICON_NAME = AppIcon;
				CODE_SIGN_STYLE = Automatic;
				DEVELOPMENT_TEAM = A42U927466;
				INFOPLIST_FILE = "Thread-Lock/Info.plist";
				LD_RUNPATH_SEARCH_PATHS = "$(inherited) @executable_path/Frameworks";
				PRODUCT_BUNDLE_IDENTIFIER = "com.CJ.Thread-Lock";
				PRODUCT_NAME = "$(TARGET_NAME)";
				TARGETED_DEVICE_FAMILY = "1,2";
			};
			name = Release;
		};
/* End XCBuildConfiguration section */

/* Begin XCConfigurationList section */
		233FBA631F96FFB600370D94 /* Build configuration list for PBXProject "Thread-Lock" */ = {
			isa = XCConfigurationList;
			buildConfigurations = (
				233FBA7C1F96FFB600370D94 /* Debug */,
				233FBA7D1F96FFB600370D94 /* Release */,
			);
			defaultConfigurationIsVisible = 0;
			defaultConfigurationName = Release;
		};
		233FBA7E1F96FFB600370D94 /* Build configuration list for PBXNativeTarget "Thread-Lock" */ = {
			isa = XCConfigurationList;
			buildConfigurations = (
				233FBA7F1F96FFB600370D94 /* Debug */,
				233FBA801F96FFB600370D94 /* Release */,
			);
			defaultConfigurationIsVisible = 0;
			defaultConfigurationName = Release;
		};
/* End XCConfigurationList section */
	};
	rootObject = 233FBA601F96FFB600370D94 /* Project object */;
}
